Microsoft Visual Studio Solution File, Format Version 12.00
# Visual Studio Version 16
VisualStudioVersion = 16.0.29920.165
MinimumVisualStudioVersion = 15.0.26124.0
Project("{D954291E-2A0B-460D-934E-DC6B0785DB48}") = "AggieMove.Shared", "AggieMove.Shared\AggieMove.Shared.shproj", "{6279C845-92F8-4333-AB99-3D213163593C}"
EndProject
Project("{FAE04EC0-301F-11D3-BF4B-00C04F79EFBC}") = "AggieMove.Droid", "AggieMove.Droid\AggieMove.Droid.csproj", "{91485F93-536D-43DB-8522-24B86BDB5841}"
EndProject
Project("{FAE04EC0-301F-11D3-BF4B-00C04F79EFBC}") = "AggieMove.iOS", "AggieMove.iOS\AggieMove.iOS.csproj", "{744F498D-7695-41F2-8814-4D6868EF1B54}"
EndProject
Project("{FAE04EC0-301F-11D3-BF4B-00C04F79EFBC}") = "AggieMove.Uwp", "AggieMove.UWP\AggieMove.Uwp.csproj", "{9AC3FC69-40B0-4813-A236-6F5424E487C0}"
EndProject
Project("{9A19103F-16F7-4668-BE54-9A1E7A4F7556}") = "AggieMove.Wasm", "AggieMove.Wasm\AggieMove.Wasm.csproj", "{40EA03F7-8A22-4143-B251-79BAC3EB13D2}"
EndProject
Project("{FAE04EC0-301F-11D3-BF4B-00C04F79EFBC}") = "AggieMove.macOS", "AggieMove.macOS\AggieMove.macOS.csproj", "{FA713DCB-A878-4BF3-A4E3-ABFCD321DD59}"
EndProject
Project("{2150E333-8FDC-42A3-9474-1A3956D46DE8}") = "API", "API", "{91E94501-578F-438D-A3B6-9F03ADDBEB8B}"
EndProject
Project("{9A19103F-16F7-4668-BE54-9A1E7A4F7556}") = "TamuBusFeed", "TamuBusFeed\TamuBusFeed.csproj", "{8A118C53-3BFE-4919-A396-DC673CDFFD9D}"
EndProject
Project("{2150E333-8FDC-42A3-9474-1A3956D46DE8}") = "Platforms", "Platforms", "{417F74C5-BF5F-4590-8C8A-F9D57F988407}"
EndProject
Global
	GlobalSection(SharedMSBuildProjectFiles) = preSolution
		AggieMove.Shared\AggieMove.Shared.projitems*{40ea03f7-8a22-4143-b251-79bac3eb13d2}*SharedItemsImports = 5
		AggieMove.Shared\AggieMove.Shared.projitems*{6279c845-92f8-4333-ab99-3d213163593c}*SharedItemsImports = 13
		AggieMove.Shared\AggieMove.Shared.projitems*{744f498d-7695-41f2-8814-4d6868ef1b54}*SharedItemsImports = 4
		AggieMove.Shared\AggieMove.Shared.projitems*{91485f93-536d-43db-8522-24b86bdb5841}*SharedItemsImports = 4
		AggieMove.Shared\AggieMove.Shared.projitems*{9ac3fc69-40b0-4813-a236-6f5424e487c0}*SharedItemsImports = 4
		AggieMove.Shared\AggieMove.Shared.projitems*{fa713dcb-a878-4bf3-a4e3-abfcd321dd59}*SharedItemsImports = 4
	EndGlobalSection
	GlobalSection(SolutionConfigurationPlatforms) = preSolution
		Ad-Hoc|Any CPU = Ad-Hoc|Any CPU
		Ad-Hoc|ARM = Ad-Hoc|ARM
		Ad-Hoc|ARM64 = Ad-Hoc|ARM64
		Ad-Hoc|iPhone = Ad-Hoc|iPhone
		Ad-Hoc|iPhoneSimulator = Ad-Hoc|iPhoneSimulator
		Ad-Hoc|x64 = Ad-Hoc|x64
		Ad-Hoc|x86 = Ad-Hoc|x86
		AppStore|Any CPU = AppStore|Any CPU
		AppStore|ARM = AppStore|ARM
		AppStore|ARM64 = AppStore|ARM64
		AppStore|iPhone = AppStore|iPhone
		AppStore|iPhoneSimulator = AppStore|iPhoneSimulator
		AppStore|x64 = AppStore|x64
		AppStore|x86 = AppStore|x86
		Debug|Any CPU = Debug|Any CPU
		Debug|ARM = Debug|ARM
		Debug|ARM64 = Debug|ARM64
		Debug|iPhone = Debug|iPhone
		Debug|iPhoneSimulator = Debug|iPhoneSimulator
		Debug|x64 = Debug|x64
		Debug|x86 = Debug|x86
		Release|Any CPU = Release|Any CPU
		Release|ARM = Release|ARM
		Release|ARM64 = Release|ARM64
		Release|iPhone = Release|iPhone
		Release|iPhoneSimulator = Release|iPhoneSimulator
		Release|x64 = Release|x64
		Release|x86 = Release|x86
	EndGlobalSection
	GlobalSection(ProjectConfigurationPlatforms) = postSolution
		{91485F93-536D-43DB-8522-24B86BDB5841}.Ad-Hoc|Any CPU.ActiveCfg = Release|Any CPU
		{91485F93-536D-43DB-8522-24B86BDB5841}.Ad-Hoc|Any CPU.Build.0 = Release|Any CPU
		{91485F93-536D-43DB-8522-24B86BDB5841}.Ad-Hoc|Any CPU.Deploy.0 = Release|Any CPU
		{91485F93-536D-43DB-8522-24B86BDB5841}.Ad-Hoc|ARM.ActiveCfg = Release|Any CPU
		{91485F93-536D-43DB-8522-24B86BDB5841}.Ad-Hoc|ARM.Build.0 = Release|Any CPU
		{91485F93-536D-43DB-8522-24B86BDB5841}.Ad-Hoc|ARM.Deploy.0 = Release|Any CPU
		{91485F93-536D-43DB-8522-24B86BDB5841}.Ad-Hoc|ARM64.ActiveCfg = Release|Any CPU
		{91485F93-536D-43DB-8522-24B86BDB5841}.Ad-Hoc|ARM64.Build.0 = Release|Any CPU
		{91485F93-536D-43DB-8522-24B86BDB5841}.Ad-Hoc|ARM64.Deploy.0 = Release|Any CPU
		{91485F93-536D-43DB-8522-24B86BDB5841}.Ad-Hoc|iPhone.ActiveCfg = Release|Any CPU
		{91485F93-536D-43DB-8522-24B86BDB5841}.Ad-Hoc|iPhone.Build.0 = Release|Any CPU
		{91485F93-536D-43DB-8522-24B86BDB5841}.Ad-Hoc|iPhone.Deploy.0 = Release|Any CPU
		{91485F93-536D-43DB-8522-24B86BDB5841}.Ad-Hoc|iPhoneSimulator.ActiveCfg = Release|Any CPU
		{91485F93-536D-43DB-8522-24B86BDB5841}.Ad-Hoc|iPhoneSimulator.Build.0 = Release|Any CPU
		{91485F93-536D-43DB-8522-24B86BDB5841}.Ad-Hoc|iPhoneSimulator.Deploy.0 = Release|Any CPU
		{91485F93-536D-43DB-8522-24B86BDB5841}.Ad-Hoc|x64.ActiveCfg = Release|Any CPU
		{91485F93-536D-43DB-8522-24B86BDB5841}.Ad-Hoc|x64.Build.0 = Release|Any CPU
		{91485F93-536D-43DB-8522-24B86BDB5841}.Ad-Hoc|x64.Deploy.0 = Release|Any CPU
		{91485F93-536D-43DB-8522-24B86BDB5841}.Ad-Hoc|x86.ActiveCfg = Release|Any CPU
		{91485F93-536D-43DB-8522-24B86BDB5841}.Ad-Hoc|x86.Build.0 = Release|Any CPU
		{91485F93-536D-43DB-8522-24B86BDB5841}.Ad-Hoc|x86.Deploy.0 = Release|Any CPU
		{91485F93-536D-43DB-8522-24B86BDB5841}.AppStore|Any CPU.ActiveCfg = Release|Any CPU
		{91485F93-536D-43DB-8522-24B86BDB5841}.AppStore|Any CPU.Build.0 = Release|Any CPU
		{91485F93-536D-43DB-8522-24B86BDB5841}.AppStore|Any CPU.Deploy.0 = Release|Any CPU
		{91485F93-536D-43DB-8522-24B86BDB5841}.AppStore|ARM.ActiveCfg = Release|Any CPU
		{91485F93-536D-43DB-8522-24B86BDB5841}.AppStore|ARM.Build.0 = Release|Any CPU
		{91485F93-536D-43DB-8522-24B86BDB5841}.AppStore|ARM.Deploy.0 = Release|Any CPU
		{91485F93-536D-43DB-8522-24B86BDB5841}.AppStore|ARM64.ActiveCfg = Release|Any CPU
		{91485F93-536D-43DB-8522-24B86BDB5841}.AppStore|ARM64.Build.0 = Release|Any CPU
		{91485F93-536D-43DB-8522-24B86BDB5841}.AppStore|ARM64.Deploy.0 = Release|Any CPU
		{91485F93-536D-43DB-8522-24B86BDB5841}.AppStore|iPhone.ActiveCfg = Release|Any CPU
		{91485F93-536D-43DB-8522-24B86BDB5841}.AppStore|iPhone.Build.0 = Release|Any CPU
		{91485F93-536D-43DB-8522-24B86BDB5841}.AppStore|iPhone.Deploy.0 = Release|Any CPU
		{91485F93-536D-43DB-8522-24B86BDB5841}.AppStore|iPhoneSimulator.ActiveCfg = Release|Any CPU
		{91485F93-536D-43DB-8522-24B86BDB5841}.AppStore|iPhoneSimulator.Build.0 = Release|Any CPU
		{91485F93-536D-43DB-8522-24B86BDB5841}.AppStore|iPhoneSimulator.Deploy.0 = Release|Any CPU
		{91485F93-536D-43DB-8522-24B86BDB5841}.AppStore|x64.ActiveCfg = Release|Any CPU
		{91485F93-536D-43DB-8522-24B86BDB5841}.AppStore|x64.Build.0 = Release|Any CPU
		{91485F93-536D-43DB-8522-24B86BDB5841}.AppStore|x64.Deploy.0 = Release|Any CPU
		{91485F93-536D-43DB-8522-24B86BDB5841}.AppStore|x86.ActiveCfg = Release|Any CPU
		{91485F93-536D-43DB-8522-24B86BDB5841}.AppStore|x86.Build.0 = Release|Any CPU
		{91485F93-536D-43DB-8522-24B86BDB5841}.AppStore|x86.Deploy.0 = Release|Any CPU
		{91485F93-536D-43DB-8522-24B86BDB5841}.Debug|Any CPU.ActiveCfg = Debug|Any CPU
		{91485F93-536D-43DB-8522-24B86BDB5841}.Debug|Any CPU.Build.0 = Debug|Any CPU
		{91485F93-536D-43DB-8522-24B86BDB5841}.Debug|Any CPU.Deploy.0 = Debug|Any CPU
		{91485F93-536D-43DB-8522-24B86BDB5841}.Debug|ARM.ActiveCfg = Debug|Any CPU
		{91485F93-536D-43DB-8522-24B86BDB5841}.Debug|ARM.Build.0 = Debug|Any CPU
		{91485F93-536D-43DB-8522-24B86BDB5841}.Debug|ARM.Deploy.0 = Debug|Any CPU
		{91485F93-536D-43DB-8522-24B86BDB5841}.Debug|ARM64.ActiveCfg = Debug|Any CPU
		{91485F93-536D-43DB-8522-24B86BDB5841}.Debug|ARM64.Build.0 = Debug|Any CPU
		{91485F93-536D-43DB-8522-24B86BDB5841}.Debug|ARM64.Deploy.0 = Debug|Any CPU
		{91485F93-536D-43DB-8522-24B86BDB5841}.Debug|iPhone.ActiveCfg = Debug|Any CPU
		{91485F93-536D-43DB-8522-24B86BDB5841}.Debug|iPhone.Build.0 = Debug|Any CPU
		{91485F93-536D-43DB-8522-24B86BDB5841}.Debug|iPhone.Deploy.0 = Debug|Any CPU
		{91485F93-536D-43DB-8522-24B86BDB5841}.Debug|iPhoneSimulator.ActiveCfg = Debug|Any CPU
		{91485F93-536D-43DB-8522-24B86BDB5841}.Debug|iPhoneSimulator.Build.0 = Debug|Any CPU
		{91485F93-536D-43DB-8522-24B86BDB5841}.Debug|iPhoneSimulator.Deploy.0 = Debug|Any CPU
		{91485F93-536D-43DB-8522-24B86BDB5841}.Debug|x64.ActiveCfg = Debug|Any CPU
		{91485F93-536D-43DB-8522-24B86BDB5841}.Debug|x64.Build.0 = Debug|Any CPU
		{91485F93-536D-43DB-8522-24B86BDB5841}.Debug|x64.Deploy.0 = Debug|Any CPU
		{91485F93-536D-43DB-8522-24B86BDB5841}.Debug|x86.ActiveCfg = Debug|Any CPU
		{91485F93-536D-43DB-8522-24B86BDB5841}.Debug|x86.Build.0 = Debug|Any CPU
		{91485F93-536D-43DB-8522-24B86BDB5841}.Debug|x86.Deploy.0 = Debug|Any CPU
		{91485F93-536D-43DB-8522-24B86BDB5841}.Release|Any CPU.ActiveCfg = Release|Any CPU
		{91485F93-536D-43DB-8522-24B86BDB5841}.Release|Any CPU.Build.0 = Release|Any CPU
		{91485F93-536D-43DB-8522-24B86BDB5841}.Release|Any CPU.Deploy.0 = Release|Any CPU
		{91485F93-536D-43DB-8522-24B86BDB5841}.Release|ARM.ActiveCfg = Release|Any CPU
		{91485F93-536D-43DB-8522-24B86BDB5841}.Release|ARM.Build.0 = Release|Any CPU
		{91485F93-536D-43DB-8522-24B86BDB5841}.Release|ARM.Deploy.0 = Release|Any CPU
		{91485F93-536D-43DB-8522-24B86BDB5841}.Release|ARM64.ActiveCfg = Release|Any CPU
		{91485F93-536D-43DB-8522-24B86BDB5841}.Release|ARM64.Build.0 = Release|Any CPU
		{91485F93-536D-43DB-8522-24B86BDB5841}.Release|ARM64.Deploy.0 = Release|Any CPU
		{91485F93-536D-43DB-8522-24B86BDB5841}.Release|iPhone.ActiveCfg = Release|Any CPU
		{91485F93-536D-43DB-8522-24B86BDB5841}.Release|iPhone.Build.0 = Release|Any CPU
		{91485F93-536D-43DB-8522-24B86BDB5841}.Release|iPhone.Deploy.0 = Release|Any CPU
		{91485F93-536D-43DB-8522-24B86BDB5841}.Release|iPhoneSimulator.ActiveCfg = Release|Any CPU
		{91485F93-536D-43DB-8522-24B86BDB5841}.Release|iPhoneSimulator.Build.0 = Release|Any CPU
		{91485F93-536D-43DB-8522-24B86BDB5841}.Release|iPhoneSimulator.Deploy.0 = Release|Any CPU
		{91485F93-536D-43DB-8522-24B86BDB5841}.Release|x64.ActiveCfg = Release|Any CPU
		{91485F93-536D-43DB-8522-24B86BDB5841}.Release|x64.Build.0 = Release|Any CPU
		{91485F93-536D-43DB-8522-24B86BDB5841}.Release|x64.Deploy.0 = Release|Any CPU
		{91485F93-536D-43DB-8522-24B86BDB5841}.Release|x86.ActiveCfg = Release|Any CPU
		{91485F93-536D-43DB-8522-24B86BDB5841}.Release|x86.Build.0 = Release|Any CPU
		{91485F93-536D-43DB-8522-24B86BDB5841}.Release|x86.Deploy.0 = Release|Any CPU
		{744F498D-7695-41F2-8814-4D6868EF1B54}.Ad-Hoc|Any CPU.ActiveCfg = Ad-Hoc|iPhoneSimulator
		{744F498D-7695-41F2-8814-4D6868EF1B54}.Ad-Hoc|ARM.ActiveCfg = Ad-Hoc|iPhoneSimulator
		{744F498D-7695-41F2-8814-4D6868EF1B54}.Ad-Hoc|ARM64.ActiveCfg = Ad-Hoc|iPhoneSimulator
		{744F498D-7695-41F2-8814-4D6868EF1B54}.Ad-Hoc|iPhone.ActiveCfg = Ad-Hoc|iPhone
		{744F498D-7695-41F2-8814-4D6868EF1B54}.Ad-Hoc|iPhone.Build.0 = Ad-Hoc|iPhone
		{744F498D-7695-41F2-8814-4D6868EF1B54}.Ad-Hoc|iPhoneSimulator.ActiveCfg = Ad-Hoc|iPhoneSimulator
		{744F498D-7695-41F2-8814-4D6868EF1B54}.Ad-Hoc|iPhoneSimulator.Build.0 = Ad-Hoc|iPhoneSimulator
		{744F498D-7695-41F2-8814-4D6868EF1B54}.Ad-Hoc|x64.ActiveCfg = Ad-Hoc|iPhoneSimulator
		{744F498D-7695-41F2-8814-4D6868EF1B54}.Ad-Hoc|x86.ActiveCfg = Ad-Hoc|iPhoneSimulator
		{744F498D-7695-41F2-8814-4D6868EF1B54}.AppStore|Any CPU.ActiveCfg = AppStore|iPhoneSimulator
		{744F498D-7695-41F2-8814-4D6868EF1B54}.AppStore|ARM.ActiveCfg = AppStore|iPhoneSimulator
		{744F498D-7695-41F2-8814-4D6868EF1B54}.AppStore|ARM64.ActiveCfg = AppStore|iPhoneSimulator
		{744F498D-7695-41F2-8814-4D6868EF1B54}.AppStore|iPhone.ActiveCfg = AppStore|iPhone
		{744F498D-7695-41F2-8814-4D6868EF1B54}.AppStore|iPhone.Build.0 = AppStore|iPhone
		{744F498D-7695-41F2-8814-4D6868EF1B54}.AppStore|iPhoneSimulator.ActiveCfg = AppStore|iPhoneSimulator
		{744F498D-7695-41F2-8814-4D6868EF1B54}.AppStore|iPhoneSimulator.Build.0 = AppStore|iPhoneSimulator
		{744F498D-7695-41F2-8814-4D6868EF1B54}.AppStore|x64.ActiveCfg = AppStore|iPhoneSimulator
		{744F498D-7695-41F2-8814-4D6868EF1B54}.AppStore|x86.ActiveCfg = AppStore|iPhoneSimulator
		{744F498D-7695-41F2-8814-4D6868EF1B54}.Debug|Any CPU.ActiveCfg = Debug|iPhone
		{744F498D-7695-41F2-8814-4D6868EF1B54}.Debug|Any CPU.Build.0 = Debug|iPhone
		{744F498D-7695-41F2-8814-4D6868EF1B54}.Debug|Any CPU.Deploy.0 = Debug|iPhone
		{744F498D-7695-41F2-8814-4D6868EF1B54}.Debug|ARM.ActiveCfg = Debug|iPhone
		{744F498D-7695-41F2-8814-4D6868EF1B54}.Debug|ARM64.ActiveCfg = Debug|iPhone
		{744F498D-7695-41F2-8814-4D6868EF1B54}.Debug|iPhone.ActiveCfg = Debug|iPhone
		{744F498D-7695-41F2-8814-4D6868EF1B54}.Debug|iPhone.Build.0 = Debug|iPhone
		{744F498D-7695-41F2-8814-4D6868EF1B54}.Debug|iPhoneSimulator.ActiveCfg = Debug|iPhoneSimulator
		{744F498D-7695-41F2-8814-4D6868EF1B54}.Debug|iPhoneSimulator.Build.0 = Debug|iPhoneSimulator
		{744F498D-7695-41F2-8814-4D6868EF1B54}.Debug|x64.ActiveCfg = Debug|iPhone
		{744F498D-7695-41F2-8814-4D6868EF1B54}.Debug|x64.Build.0 = Debug|iPhone
		{744F498D-7695-41F2-8814-4D6868EF1B54}.Debug|x64.Deploy.0 = Debug|iPhone
		{744F498D-7695-41F2-8814-4D6868EF1B54}.Debug|x86.ActiveCfg = Debug|iPhoneSimulator
		{744F498D-7695-41F2-8814-4D6868EF1B54}.Debug|x86.Build.0 = Debug|iPhoneSimulator
		{744F498D-7695-41F2-8814-4D6868EF1B54}.Debug|x86.Deploy.0 = Debug|iPhoneSimulator
		{744F498D-7695-41F2-8814-4D6868EF1B54}.Release|Any CPU.ActiveCfg = Release|iPhone
		{744F498D-7695-41F2-8814-4D6868EF1B54}.Release|ARM.ActiveCfg = Release|iPhone
		{744F498D-7695-41F2-8814-4D6868EF1B54}.Release|ARM64.ActiveCfg = Release|iPhone
		{744F498D-7695-41F2-8814-4D6868EF1B54}.Release|iPhone.ActiveCfg = Release|iPhone
		{744F498D-7695-41F2-8814-4D6868EF1B54}.Release|iPhone.Build.0 = Release|iPhone
		{744F498D-7695-41F2-8814-4D6868EF1B54}.Release|iPhoneSimulator.ActiveCfg = Release|iPhoneSimulator
		{744F498D-7695-41F2-8814-4D6868EF1B54}.Release|iPhoneSimulator.Build.0 = Release|iPhoneSimulator
		{744F498D-7695-41F2-8814-4D6868EF1B54}.Release|x64.ActiveCfg = Release|iPhoneSimulator
		{744F498D-7695-41F2-8814-4D6868EF1B54}.Release|x64.Build.0 = Release|iPhoneSimulator
		{744F498D-7695-41F2-8814-4D6868EF1B54}.Release|x64.Deploy.0 = Release|iPhoneSimulator
		{744F498D-7695-41F2-8814-4D6868EF1B54}.Release|x86.ActiveCfg = Release|iPhoneSimulator
		{744F498D-7695-41F2-8814-4D6868EF1B54}.Release|x86.Build.0 = Release|iPhoneSimulator
		{9AC3FC69-40B0-4813-A236-6F5424E487C0}.Ad-Hoc|Any CPU.ActiveCfg = Release|x64
		{9AC3FC69-40B0-4813-A236-6F5424E487C0}.Ad-Hoc|Any CPU.Build.0 = Release|x64
		{9AC3FC69-40B0-4813-A236-6F5424E487C0}.Ad-Hoc|Any CPU.Deploy.0 = Release|x64
		{9AC3FC69-40B0-4813-A236-6F5424E487C0}.Ad-Hoc|ARM.ActiveCfg = Release|ARM
		{9AC3FC69-40B0-4813-A236-6F5424E487C0}.Ad-Hoc|ARM.Build.0 = Release|ARM
		{9AC3FC69-40B0-4813-A236-6F5424E487C0}.Ad-Hoc|ARM.Deploy.0 = Release|ARM
		{9AC3FC69-40B0-4813-A236-6F5424E487C0}.Ad-Hoc|ARM64.ActiveCfg = Release|ARM64
		{9AC3FC69-40B0-4813-A236-6F5424E487C0}.Ad-Hoc|ARM64.Build.0 = Release|ARM64
		{9AC3FC69-40B0-4813-A236-6F5424E487C0}.Ad-Hoc|ARM64.Deploy.0 = Release|ARM64
		{9AC3FC69-40B0-4813-A236-6F5424E487C0}.Ad-Hoc|iPhone.ActiveCfg = Release|x64
		{9AC3FC69-40B0-4813-A236-6F5424E487C0}.Ad-Hoc|iPhone.Build.0 = Release|x64
		{9AC3FC69-40B0-4813-A236-6F5424E487C0}.Ad-Hoc|iPhone.Deploy.0 = Release|x64
		{9AC3FC69-40B0-4813-A236-6F5424E487C0}.Ad-Hoc|iPhoneSimulator.ActiveCfg = Release|x64
		{9AC3FC69-40B0-4813-A236-6F5424E487C0}.Ad-Hoc|iPhoneSimulator.Build.0 = Release|x64
		{9AC3FC69-40B0-4813-A236-6F5424E487C0}.Ad-Hoc|iPhoneSimulator.Deploy.0 = Release|x64
		{9AC3FC69-40B0-4813-A236-6F5424E487C0}.Ad-Hoc|x64.ActiveCfg = Release|x64
		{9AC3FC69-40B0-4813-A236-6F5424E487C0}.Ad-Hoc|x64.Build.0 = Release|x64
		{9AC3FC69-40B0-4813-A236-6F5424E487C0}.Ad-Hoc|x64.Deploy.0 = Release|x64
		{9AC3FC69-40B0-4813-A236-6F5424E487C0}.Ad-Hoc|x86.ActiveCfg = Release|x86
		{9AC3FC69-40B0-4813-A236-6F5424E487C0}.Ad-Hoc|x86.Build.0 = Release|x86
		{9AC3FC69-40B0-4813-A236-6F5424E487C0}.Ad-Hoc|x86.Deploy.0 = Release|x86
		{9AC3FC69-40B0-4813-A236-6F5424E487C0}.AppStore|Any CPU.ActiveCfg = Release|x64
		{9AC3FC69-40B0-4813-A236-6F5424E487C0}.AppStore|Any CPU.Build.0 = Release|x64
		{9AC3FC69-40B0-4813-A236-6F5424E487C0}.AppStore|Any CPU.Deploy.0 = Release|x64
		{9AC3FC69-40B0-4813-A236-6F5424E487C0}.AppStore|ARM.ActiveCfg = Release|ARM
		{9AC3FC69-40B0-4813-A236-6F5424E487C0}.AppStore|ARM.Build.0 = Release|ARM
		{9AC3FC69-40B0-4813-A236-6F5424E487C0}.AppStore|ARM.Deploy.0 = Release|ARM
		{9AC3FC69-40B0-4813-A236-6F5424E487C0}.AppStore|ARM64.ActiveCfg = Release|ARM64
		{9AC3FC69-40B0-4813-A236-6F5424E487C0}.AppStore|ARM64.Build.0 = Release|ARM64
		{9AC3FC69-40B0-4813-A236-6F5424E487C0}.AppStore|ARM64.Deploy.0 = Release|ARM64
		{9AC3FC69-40B0-4813-A236-6F5424E487C0}.AppStore|iPhone.ActiveCfg = Release|x64
		{9AC3FC69-40B0-4813-A236-6F5424E487C0}.AppStore|iPhone.Build.0 = Release|x64
		{9AC3FC69-40B0-4813-A236-6F5424E487C0}.AppStore|iPhone.Deploy.0 = Release|x64
		{9AC3FC69-40B0-4813-A236-6F5424E487C0}.AppStore|iPhoneSimulator.ActiveCfg = Release|x64
		{9AC3FC69-40B0-4813-A236-6F5424E487C0}.AppStore|iPhoneSimulator.Build.0 = Release|x64
		{9AC3FC69-40B0-4813-A236-6F5424E487C0}.AppStore|iPhoneSimulator.Deploy.0 = Release|x64
		{9AC3FC69-40B0-4813-A236-6F5424E487C0}.AppStore|x64.ActiveCfg = Release|x64
		{9AC3FC69-40B0-4813-A236-6F5424E487C0}.AppStore|x64.Build.0 = Release|x64
		{9AC3FC69-40B0-4813-A236-6F5424E487C0}.AppStore|x64.Deploy.0 = Release|x64
		{9AC3FC69-40B0-4813-A236-6F5424E487C0}.AppStore|x86.ActiveCfg = Release|x86
		{9AC3FC69-40B0-4813-A236-6F5424E487C0}.AppStore|x86.Build.0 = Release|x86
		{9AC3FC69-40B0-4813-A236-6F5424E487C0}.AppStore|x86.Deploy.0 = Release|x86
		{9AC3FC69-40B0-4813-A236-6F5424E487C0}.Debug|Any CPU.ActiveCfg = Debug|x86
		{9AC3FC69-40B0-4813-A236-6F5424E487C0}.Debug|Any CPU.Build.0 = Debug|x86
		{9AC3FC69-40B0-4813-A236-6F5424E487C0}.Debug|Any CPU.Deploy.0 = Debug|x86
		{9AC3FC69-40B0-4813-A236-6F5424E487C0}.Debug|ARM.ActiveCfg = Debug|ARM
		{9AC3FC69-40B0-4813-A236-6F5424E487C0}.Debug|ARM.Build.0 = Debug|ARM
		{9AC3FC69-40B0-4813-A236-6F5424E487C0}.Debug|ARM.Deploy.0 = Debug|ARM
		{9AC3FC69-40B0-4813-A236-6F5424E487C0}.Debug|ARM64.ActiveCfg = Debug|ARM64
		{9AC3FC69-40B0-4813-A236-6F5424E487C0}.Debug|ARM64.Build.0 = Debug|ARM64
		{9AC3FC69-40B0-4813-A236-6F5424E487C0}.Debug|ARM64.Deploy.0 = Debug|ARM64
		{9AC3FC69-40B0-4813-A236-6F5424E487C0}.Debug|iPhone.ActiveCfg = Debug|x86
		{9AC3FC69-40B0-4813-A236-6F5424E487C0}.Debug|iPhone.Build.0 = Debug|x86
		{9AC3FC69-40B0-4813-A236-6F5424E487C0}.Debug|iPhone.Deploy.0 = Debug|x86
		{9AC3FC69-40B0-4813-A236-6F5424E487C0}.Debug|iPhoneSimulator.ActiveCfg = Debug|x86
		{9AC3FC69-40B0-4813-A236-6F5424E487C0}.Debug|iPhoneSimulator.Build.0 = Debug|x86
		{9AC3FC69-40B0-4813-A236-6F5424E487C0}.Debug|iPhoneSimulator.Deploy.0 = Debug|x86
		{9AC3FC69-40B0-4813-A236-6F5424E487C0}.Debug|x64.ActiveCfg = Debug|x64
		{9AC3FC69-40B0-4813-A236-6F5424E487C0}.Debug|x64.Build.0 = Debug|x64
		{9AC3FC69-40B0-4813-A236-6F5424E487C0}.Debug|x64.Deploy.0 = Debug|x64
		{9AC3FC69-40B0-4813-A236-6F5424E487C0}.Debug|x86.ActiveCfg = Debug|x86
		{9AC3FC69-40B0-4813-A236-6F5424E487C0}.Debug|x86.Build.0 = Debug|x86
		{9AC3FC69-40B0-4813-A236-6F5424E487C0}.Debug|x86.Deploy.0 = Debug|x86
		{9AC3FC69-40B0-4813-A236-6F5424E487C0}.Release|Any CPU.ActiveCfg = Release|x86
		{9AC3FC69-40B0-4813-A236-6F5424E487C0}.Release|ARM.ActiveCfg = Release|ARM
		{9AC3FC69-40B0-4813-A236-6F5424E487C0}.Release|ARM.Build.0 = Release|ARM
		{9AC3FC69-40B0-4813-A236-6F5424E487C0}.Release|ARM.Deploy.0 = Release|ARM
		{9AC3FC69-40B0-4813-A236-6F5424E487C0}.Release|ARM64.ActiveCfg = Release|ARM64
		{9AC3FC69-40B0-4813-A236-6F5424E487C0}.Release|ARM64.Build.0 = Release|ARM64
		{9AC3FC69-40B0-4813-A236-6F5424E487C0}.Release|ARM64.Deploy.0 = Release|ARM64
		{9AC3FC69-40B0-4813-A236-6F5424E487C0}.Release|iPhone.ActiveCfg = Release|x86
		{9AC3FC69-40B0-4813-A236-6F5424E487C0}.Release|iPhone.Build.0 = Release|x86
		{9AC3FC69-40B0-4813-A236-6F5424E487C0}.Release|iPhoneSimulator.ActiveCfg = Release|x86
		{9AC3FC69-40B0-4813-A236-6F5424E487C0}.Release|iPhoneSimulator.Build.0 = Release|x86
		{9AC3FC69-40B0-4813-A236-6F5424E487C0}.Release|iPhoneSimulator.Deploy.0 = Release|x86
		{9AC3FC69-40B0-4813-A236-6F5424E487C0}.Release|x64.ActiveCfg = Release|x64
		{9AC3FC69-40B0-4813-A236-6F5424E487C0}.Release|x64.Build.0 = Release|x64
		{9AC3FC69-40B0-4813-A236-6F5424E487C0}.Release|x64.Deploy.0 = Release|x64
		{9AC3FC69-40B0-4813-A236-6F5424E487C0}.Release|x86.ActiveCfg = Release|x86
		{9AC3FC69-40B0-4813-A236-6F5424E487C0}.Release|x86.Build.0 = Release|x86
		{9AC3FC69-40B0-4813-A236-6F5424E487C0}.Release|x86.Deploy.0 = Release|x86
		{40EA03F7-8A22-4143-B251-79BAC3EB13D2}.Ad-Hoc|Any CPU.ActiveCfg = Release|Any CPU
		{40EA03F7-8A22-4143-B251-79BAC3EB13D2}.Ad-Hoc|Any CPU.Build.0 = Release|Any CPU
		{40EA03F7-8A22-4143-B251-79BAC3EB13D2}.Ad-Hoc|ARM.ActiveCfg = Release|Any CPU
		{40EA03F7-8A22-4143-B251-79BAC3EB13D2}.Ad-Hoc|ARM.Build.0 = Release|Any CPU
		{40EA03F7-8A22-4143-B251-79BAC3EB13D2}.Ad-Hoc|ARM64.ActiveCfg = Release|Any CPU
		{40EA03F7-8A22-4143-B251-79BAC3EB13D2}.Ad-Hoc|ARM64.Build.0 = Release|Any CPU
		{40EA03F7-8A22-4143-B251-79BAC3EB13D2}.Ad-Hoc|iPhone.ActiveCfg = Release|Any CPU
		{40EA03F7-8A22-4143-B251-79BAC3EB13D2}.Ad-Hoc|iPhone.Build.0 = Release|Any CPU
		{40EA03F7-8A22-4143-B251-79BAC3EB13D2}.Ad-Hoc|iPhoneSimulator.ActiveCfg = Release|Any CPU
		{40EA03F7-8A22-4143-B251-79BAC3EB13D2}.Ad-Hoc|iPhoneSimulator.Build.0 = Release|Any CPU
		{40EA03F7-8A22-4143-B251-79BAC3EB13D2}.Ad-Hoc|x64.ActiveCfg = Release|Any CPU
		{40EA03F7-8A22-4143-B251-79BAC3EB13D2}.Ad-Hoc|x64.Build.0 = Release|Any CPU
		{40EA03F7-8A22-4143-B251-79BAC3EB13D2}.Ad-Hoc|x86.ActiveCfg = Release|Any CPU
		{40EA03F7-8A22-4143-B251-79BAC3EB13D2}.Ad-Hoc|x86.Build.0 = Release|Any CPU
		{40EA03F7-8A22-4143-B251-79BAC3EB13D2}.AppStore|Any CPU.ActiveCfg = Release|Any CPU
		{40EA03F7-8A22-4143-B251-79BAC3EB13D2}.AppStore|Any CPU.Build.0 = Release|Any CPU
		{40EA03F7-8A22-4143-B251-79BAC3EB13D2}.AppStore|ARM.ActiveCfg = Release|Any CPU
		{40EA03F7-8A22-4143-B251-79BAC3EB13D2}.AppStore|ARM.Build.0 = Release|Any CPU
		{40EA03F7-8A22-4143-B251-79BAC3EB13D2}.AppStore|ARM64.ActiveCfg = Release|Any CPU
		{40EA03F7-8A22-4143-B251-79BAC3EB13D2}.AppStore|ARM64.Build.0 = Release|Any CPU
		{40EA03F7-8A22-4143-B251-79BAC3EB13D2}.AppStore|iPhone.ActiveCfg = Release|Any CPU
		{40EA03F7-8A22-4143-B251-79BAC3EB13D2}.AppStore|iPhone.Build.0 = Release|Any CPU
		{40EA03F7-8A22-4143-B251-79BAC3EB13D2}.AppStore|iPhoneSimulator.ActiveCfg = Release|Any CPU
		{40EA03F7-8A22-4143-B251-79BAC3EB13D2}.AppStore|iPhoneSimulator.Build.0 = Release|Any CPU
		{40EA03F7-8A22-4143-B251-79BAC3EB13D2}.AppStore|x64.ActiveCfg = Release|Any CPU
		{40EA03F7-8A22-4143-B251-79BAC3EB13D2}.AppStore|x64.Build.0 = Release|Any CPU
		{40EA03F7-8A22-4143-B251-79BAC3EB13D2}.AppStore|x86.ActiveCfg = Release|Any CPU
		{40EA03F7-8A22-4143-B251-79BAC3EB13D2}.AppStore|x86.Build.0 = Release|Any CPU
		{40EA03F7-8A22-4143-B251-79BAC3EB13D2}.Debug|Any CPU.ActiveCfg = Debug|Any CPU
		{40EA03F7-8A22-4143-B251-79BAC3EB13D2}.Debug|Any CPU.Build.0 = Debug|Any CPU
		{40EA03F7-8A22-4143-B251-79BAC3EB13D2}.Debug|ARM.ActiveCfg = Debug|Any CPU
		{40EA03F7-8A22-4143-B251-79BAC3EB13D2}.Debug|ARM.Build.0 = Debug|Any CPU
		{40EA03F7-8A22-4143-B251-79BAC3EB13D2}.Debug|ARM64.ActiveCfg = Debug|Any CPU
		{40EA03F7-8A22-4143-B251-79BAC3EB13D2}.Debug|ARM64.Build.0 = Debug|Any CPU
		{40EA03F7-8A22-4143-B251-79BAC3EB13D2}.Debug|iPhone.ActiveCfg = Debug|Any CPU
		{40EA03F7-8A22-4143-B251-79BAC3EB13D2}.Debug|iPhone.Build.0 = Debug|Any CPU
		{40EA03F7-8A22-4143-B251-79BAC3EB13D2}.Debug|iPhoneSimulator.ActiveCfg = Debug|Any CPU
		{40EA03F7-8A22-4143-B251-79BAC3EB13D2}.Debug|iPhoneSimulator.Build.0 = Debug|Any CPU
		{40EA03F7-8A22-4143-B251-79BAC3EB13D2}.Debug|x64.ActiveCfg = Debug|Any CPU
		{40EA03F7-8A22-4143-B251-79BAC3EB13D2}.Debug|x64.Build.0 = Debug|Any CPU
		{40EA03F7-8A22-4143-B251-79BAC3EB13D2}.Debug|x86.ActiveCfg = Debug|Any CPU
		{40EA03F7-8A22-4143-B251-79BAC3EB13D2}.Debug|x86.Build.0 = Debug|Any CPU
		{40EA03F7-8A22-4143-B251-79BAC3EB13D2}.Release|Any CPU.ActiveCfg = Release|Any CPU
		{40EA03F7-8A22-4143-B251-79BAC3EB13D2}.Release|Any CPU.Build.0 = Release|Any CPU
		{40EA03F7-8A22-4143-B251-79BAC3EB13D2}.Release|ARM.ActiveCfg = Release|Any CPU
		{40EA03F7-8A22-4143-B251-79BAC3EB13D2}.Release|ARM.Build.0 = Release|Any CPU
		{40EA03F7-8A22-4143-B251-79BAC3EB13D2}.Release|ARM64.ActiveCfg = Release|Any CPU
		{40EA03F7-8A22-4143-B251-79BAC3EB13D2}.Release|ARM64.Build.0 = Release|Any CPU
		{40EA03F7-8A22-4143-B251-79BAC3EB13D2}.Release|iPhone.ActiveCfg = Release|Any CPU
		{40EA03F7-8A22-4143-B251-79BAC3EB13D2}.Release|iPhone.Build.0 = Release|Any CPU
		{40EA03F7-8A22-4143-B251-79BAC3EB13D2}.Release|iPhoneSimulator.ActiveCfg = Release|Any CPU
		{40EA03F7-8A22-4143-B251-79BAC3EB13D2}.Release|iPhoneSimulator.Build.0 = Release|Any CPU
		{40EA03F7-8A22-4143-B251-79BAC3EB13D2}.Release|x64.ActiveCfg = Release|Any CPU
		{40EA03F7-8A22-4143-B251-79BAC3EB13D2}.Release|x64.Build.0 = Release|Any CPU
		{40EA03F7-8A22-4143-B251-79BAC3EB13D2}.Release|x86.ActiveCfg = Release|Any CPU
		{40EA03F7-8A22-4143-B251-79BAC3EB13D2}.Release|x86.Build.0 = Release|Any CPU
		{FA713DCB-A878-4BF3-A4E3-ABFCD321DD59}.Ad-Hoc|Any CPU.ActiveCfg = Release|iPhoneSimulator
		{FA713DCB-A878-4BF3-A4E3-ABFCD321DD59}.Ad-Hoc|Any CPU.Build.0 = Release|iPhoneSimulator
		{FA713DCB-A878-4BF3-A4E3-ABFCD321DD59}.Ad-Hoc|ARM.ActiveCfg = Release|iPhoneSimulator
		{FA713DCB-A878-4BF3-A4E3-ABFCD321DD59}.Ad-Hoc|ARM.Build.0 = Release|iPhoneSimulator
		{FA713DCB-A878-4BF3-A4E3-ABFCD321DD59}.Ad-Hoc|ARM64.ActiveCfg = Release|iPhoneSimulator
		{FA713DCB-A878-4BF3-A4E3-ABFCD321DD59}.Ad-Hoc|ARM64.Build.0 = Release|iPhoneSimulator
		{FA713DCB-A878-4BF3-A4E3-ABFCD321DD59}.Ad-Hoc|iPhone.ActiveCfg = Release|iPhoneSimulator
		{FA713DCB-A878-4BF3-A4E3-ABFCD321DD59}.Ad-Hoc|iPhone.Build.0 = Release|iPhoneSimulator
		{FA713DCB-A878-4BF3-A4E3-ABFCD321DD59}.Ad-Hoc|iPhoneSimulator.ActiveCfg = Release|iPhoneSimulator
		{FA713DCB-A878-4BF3-A4E3-ABFCD321DD59}.Ad-Hoc|iPhoneSimulator.Build.0 = Release|iPhoneSimulator
		{FA713DCB-A878-4BF3-A4E3-ABFCD321DD59}.Ad-Hoc|x64.ActiveCfg = Release|iPhoneSimulator
		{FA713DCB-A878-4BF3-A4E3-ABFCD321DD59}.Ad-Hoc|x64.Build.0 = Release|iPhoneSimulator
		{FA713DCB-A878-4BF3-A4E3-ABFCD321DD59}.Ad-Hoc|x86.ActiveCfg = Release|iPhoneSimulator
		{FA713DCB-A878-4BF3-A4E3-ABFCD321DD59}.Ad-Hoc|x86.Build.0 = Release|iPhoneSimulator
		{FA713DCB-A878-4BF3-A4E3-ABFCD321DD59}.AppStore|Any CPU.ActiveCfg = Release|iPhoneSimulator
		{FA713DCB-A878-4BF3-A4E3-ABFCD321DD59}.AppStore|Any CPU.Build.0 = Release|iPhoneSimulator
		{FA713DCB-A878-4BF3-A4E3-ABFCD321DD59}.AppStore|ARM.ActiveCfg = Release|iPhoneSimulator
		{FA713DCB-A878-4BF3-A4E3-ABFCD321DD59}.AppStore|ARM.Build.0 = Release|iPhoneSimulator
		{FA713DCB-A878-4BF3-A4E3-ABFCD321DD59}.AppStore|ARM64.ActiveCfg = Release|iPhoneSimulator
		{FA713DCB-A878-4BF3-A4E3-ABFCD321DD59}.AppStore|ARM64.Build.0 = Release|iPhoneSimulator
		{FA713DCB-A878-4BF3-A4E3-ABFCD321DD59}.AppStore|iPhone.ActiveCfg = Release|iPhoneSimulator
		{FA713DCB-A878-4BF3-A4E3-ABFCD321DD59}.AppStore|iPhone.Build.0 = Release|iPhoneSimulator
		{FA713DCB-A878-4BF3-A4E3-ABFCD321DD59}.AppStore|iPhoneSimulator.ActiveCfg = Release|iPhoneSimulator
		{FA713DCB-A878-4BF3-A4E3-ABFCD321DD59}.AppStore|iPhoneSimulator.Build.0 = Release|iPhoneSimulator
		{FA713DCB-A878-4BF3-A4E3-ABFCD321DD59}.AppStore|x64.ActiveCfg = Release|iPhoneSimulator
		{FA713DCB-A878-4BF3-A4E3-ABFCD321DD59}.AppStore|x64.Build.0 = Release|iPhoneSimulator
		{FA713DCB-A878-4BF3-A4E3-ABFCD321DD59}.AppStore|x86.ActiveCfg = Release|iPhoneSimulator
		{FA713DCB-A878-4BF3-A4E3-ABFCD321DD59}.AppStore|x86.Build.0 = Release|iPhoneSimulator
		{FA713DCB-A878-4BF3-A4E3-ABFCD321DD59}.Debug|Any CPU.ActiveCfg = Debug|iPhoneSimulator
		{FA713DCB-A878-4BF3-A4E3-ABFCD321DD59}.Debug|Any CPU.Build.0 = Debug|iPhoneSimulator
		{FA713DCB-A878-4BF3-A4E3-ABFCD321DD59}.Debug|ARM.ActiveCfg = Debug|iPhoneSimulator
		{FA713DCB-A878-4BF3-A4E3-ABFCD321DD59}.Debug|ARM64.ActiveCfg = Debug|iPhoneSimulator
		{FA713DCB-A878-4BF3-A4E3-ABFCD321DD59}.Debug|iPhone.ActiveCfg = Debug|iPhoneSimulator
		{FA713DCB-A878-4BF3-A4E3-ABFCD321DD59}.Debug|iPhone.Build.0 = Debug|iPhoneSimulator
		{FA713DCB-A878-4BF3-A4E3-ABFCD321DD59}.Debug|iPhoneSimulator.ActiveCfg = Debug|iPhoneSimulator
		{FA713DCB-A878-4BF3-A4E3-ABFCD321DD59}.Debug|iPhoneSimulator.Build.0 = Debug|iPhoneSimulator
		{FA713DCB-A878-4BF3-A4E3-ABFCD321DD59}.Debug|x64.ActiveCfg = Debug|iPhoneSimulator
		{FA713DCB-A878-4BF3-A4E3-ABFCD321DD59}.Debug|x64.Build.0 = Debug|iPhoneSimulator
		{FA713DCB-A878-4BF3-A4E3-ABFCD321DD59}.Debug|x86.ActiveCfg = Debug|iPhoneSimulator
		{FA713DCB-A878-4BF3-A4E3-ABFCD321DD59}.Debug|x86.Build.0 = Debug|iPhoneSimulator
		{FA713DCB-A878-4BF3-A4E3-ABFCD321DD59}.Release|Any CPU.ActiveCfg = Release|iPhoneSimulator
		{FA713DCB-A878-4BF3-A4E3-ABFCD321DD59}.Release|ARM.ActiveCfg = Release|iPhoneSimulator
		{FA713DCB-A878-4BF3-A4E3-ABFCD321DD59}.Release|ARM64.ActiveCfg = Release|iPhoneSimulator
		{FA713DCB-A878-4BF3-A4E3-ABFCD321DD59}.Release|iPhone.ActiveCfg = Release|iPhoneSimulator
		{FA713DCB-A878-4BF3-A4E3-ABFCD321DD59}.Release|iPhone.Build.0 = Release|iPhoneSimulator
		{FA713DCB-A878-4BF3-A4E3-ABFCD321DD59}.Release|iPhoneSimulator.ActiveCfg = Release|iPhoneSimulator
		{FA713DCB-A878-4BF3-A4E3-ABFCD321DD59}.Release|iPhoneSimulator.Build.0 = Release|iPhoneSimulator
		{FA713DCB-A878-4BF3-A4E3-ABFCD321DD59}.Release|x64.ActiveCfg = Release|iPhoneSimulator
		{FA713DCB-A878-4BF3-A4E3-ABFCD321DD59}.Release|x64.Build.0 = Release|iPhoneSimulator
		{FA713DCB-A878-4BF3-A4E3-ABFCD321DD59}.Release|x86.ActiveCfg = Release|iPhoneSimulator
		{FA713DCB-A878-4BF3-A4E3-ABFCD321DD59}.Release|x86.Build.0 = Release|iPhoneSimulator
		{8A118C53-3BFE-4919-A396-DC673CDFFD9D}.Ad-Hoc|Any CPU.ActiveCfg = Release|Any CPU
		{8A118C53-3BFE-4919-A396-DC673CDFFD9D}.Ad-Hoc|Any CPU.Build.0 = Release|Any CPU
		{8A118C53-3BFE-4919-A396-DC673CDFFD9D}.Ad-Hoc|ARM.ActiveCfg = Release|Any CPU
		{8A118C53-3BFE-4919-A396-DC673CDFFD9D}.Ad-Hoc|ARM.Build.0 = Release|Any CPU
		{8A118C53-3BFE-4919-A396-DC673CDFFD9D}.Ad-Hoc|ARM64.ActiveCfg = Release|Any CPU
		{8A118C53-3BFE-4919-A396-DC673CDFFD9D}.Ad-Hoc|ARM64.Build.0 = Release|Any CPU
		{8A118C53-3BFE-4919-A396-DC673CDFFD9D}.Ad-Hoc|iPhone.ActiveCfg = Release|Any CPU
		{8A118C53-3BFE-4919-A396-DC673CDFFD9D}.Ad-Hoc|iPhone.Build.0 = Release|Any CPU
		{8A118C53-3BFE-4919-A396-DC673CDFFD9D}.Ad-Hoc|iPhoneSimulator.ActiveCfg = Release|Any CPU
		{8A118C53-3BFE-4919-A396-DC673CDFFD9D}.Ad-Hoc|iPhoneSimulator.Build.0 = Release|Any CPU
		{8A118C53-3BFE-4919-A396-DC673CDFFD9D}.Ad-Hoc|x64.ActiveCfg = Release|Any CPU
		{8A118C53-3BFE-4919-A396-DC673CDFFD9D}.Ad-Hoc|x64.Build.0 = Release|Any CPU
		{8A118C53-3BFE-4919-A396-DC673CDFFD9D}.Ad-Hoc|x86.ActiveCfg = Release|Any CPU
		{8A118C53-3BFE-4919-A396-DC673CDFFD9D}.Ad-Hoc|x86.Build.0 = Release|Any CPU
		{8A118C53-3BFE-4919-A396-DC673CDFFD9D}.AppStore|Any CPU.ActiveCfg = Release|Any CPU
		{8A118C53-3BFE-4919-A396-DC673CDFFD9D}.AppStore|Any CPU.Build.0 = Release|Any CPU
		{8A118C53-3BFE-4919-A396-DC673CDFFD9D}.AppStore|ARM.ActiveCfg = Release|Any CPU
		{8A118C53-3BFE-4919-A396-DC673CDFFD9D}.AppStore|ARM.Build.0 = Release|Any CPU
		{8A118C53-3BFE-4919-A396-DC673CDFFD9D}.AppStore|ARM64.ActiveCfg = Release|Any CPU
		{8A118C53-3BFE-4919-A396-DC673CDFFD9D}.AppStore|ARM64.Build.0 = Release|Any CPU
		{8A118C53-3BFE-4919-A396-DC673CDFFD9D}.AppStore|iPhone.ActiveCfg = Release|Any CPU
		{8A118C53-3BFE-4919-A396-DC673CDFFD9D}.AppStore|iPhone.Build.0 = Release|Any CPU
		{8A118C53-3BFE-4919-A396-DC673CDFFD9D}.AppStore|iPhoneSimulator.ActiveCfg = Release|Any CPU
		{8A118C53-3BFE-4919-A396-DC673CDFFD9D}.AppStore|iPhoneSimulator.Build.0 = Release|Any CPU
		{8A118C53-3BFE-4919-A396-DC673CDFFD9D}.AppStore|x64.ActiveCfg = Release|Any CPU
		{8A118C53-3BFE-4919-A396-DC673CDFFD9D}.AppStore|x64.Build.0 = Release|Any CPU
		{8A118C53-3BFE-4919-A396-DC673CDFFD9D}.AppStore|x86.ActiveCfg = Release|Any CPU
		{8A118C53-3BFE-4919-A396-DC673CDFFD9D}.AppStore|x86.Build.0 = Release|Any CPU
		{8A118C53-3BFE-4919-A396-DC673CDFFD9D}.Debug|Any CPU.ActiveCfg = Debug|Any CPU
		{8A118C53-3BFE-4919-A396-DC673CDFFD9D}.Debug|Any CPU.Build.0 = Debug|Any CPU
		{8A118C53-3BFE-4919-A396-DC673CDFFD9D}.Debug|ARM.ActiveCfg = Debug|Any CPU
		{8A118C53-3BFE-4919-A396-DC673CDFFD9D}.Debug|ARM.Build.0 = Debug|Any CPU
		{8A118C53-3BFE-4919-A396-DC673CDFFD9D}.Debug|ARM64.ActiveCfg = Debug|Any CPU
		{8A118C53-3BFE-4919-A396-DC673CDFFD9D}.Debug|ARM64.Build.0 = Debug|Any CPU
		{8A118C53-3BFE-4919-A396-DC673CDFFD9D}.Debug|iPhone.ActiveCfg = Debug|Any CPU
		{8A118C53-3BFE-4919-A396-DC673CDFFD9D}.Debug|iPhone.Build.0 = Debug|Any CPU
		{8A118C53-3BFE-4919-A396-DC673CDFFD9D}.Debug|iPhoneSimulator.ActiveCfg = Debug|Any CPU
		{8A118C53-3BFE-4919-A396-DC673CDFFD9D}.Debug|iPhoneSimulator.Build.0 = Debug|Any CPU
		{8A118C53-3BFE-4919-A396-DC673CDFFD9D}.Debug|x64.ActiveCfg = Debug|Any CPU
		{8A118C53-3BFE-4919-A396-DC673CDFFD9D}.Debug|x64.Build.0 = Debug|Any CPU
		{8A118C53-3BFE-4919-A396-DC673CDFFD9D}.Debug|x86.ActiveCfg = Debug|Any CPU
		{8A118C53-3BFE-4919-A396-DC673CDFFD9D}.Debug|x86.Build.0 = Debug|Any CPU
		{8A118C53-3BFE-4919-A396-DC673CDFFD9D}.Release|Any CPU.ActiveCfg = Release|Any CPU
		{8A118C53-3BFE-4919-A396-DC673CDFFD9D}.Release|Any CPU.Build.0 = Release|Any CPU
		{8A118C53-3BFE-4919-A396-DC673CDFFD9D}.Release|ARM.ActiveCfg = Release|Any CPU
		{8A118C53-3BFE-4919-A396-DC673CDFFD9D}.Release|ARM.Build.0 = Release|Any CPU
		{8A118C53-3BFE-4919-A396-DC673CDFFD9D}.Release|ARM64.ActiveCfg = Release|Any CPU
		{8A118C53-3BFE-4919-A396-DC673CDFFD9D}.Release|ARM64.Build.0 = Release|Any CPU
		{8A118C53-3BFE-4919-A396-DC673CDFFD9D}.Release|iPhone.ActiveCfg = Release|Any CPU
		{8A118C53-3BFE-4919-A396-DC673CDFFD9D}.Release|iPhone.Build.0 = Release|Any CPU
		{8A118C53-3BFE-4919-A396-DC673CDFFD9D}.Release|iPhoneSimulator.ActiveCfg = Release|Any CPU
		{8A118C53-3BFE-4919-A396-DC673CDFFD9D}.Release|iPhoneSimulator.Build.0 = Release|Any CPU
		{8A118C53-3BFE-4919-A396-DC673CDFFD9D}.Release|x64.ActiveCfg = Release|Any CPU
		{8A118C53-3BFE-4919-A396-DC673CDFFD9D}.Release|x64.Build.0 = Release|Any CPU
		{8A118C53-3BFE-4919-A396-DC673CDFFD9D}.Release|x86.ActiveCfg = Release|Any CPU
		{8A118C53-3BFE-4919-A396-DC673CDFFD9D}.Release|x86.Build.0 = Release|Any CPU
	EndGlobalSection
	GlobalSection(SolutionProperties) = preSolution
		HideSolutionNode = FALSE
	EndGlobalSection
	GlobalSection(NestedProjects) = preSolution
		{91485F93-536D-43DB-8522-24B86BDB5841} = {417F74C5-BF5F-4590-8C8A-F9D57F988407}
		{744F498D-7695-41F2-8814-4D6868EF1B54} = {417F74C5-BF5F-4590-8C8A-F9D57F988407}
		{9AC3FC69-40B0-4813-A236-6F5424E487C0} = {417F74C5-BF5F-4590-8C8A-F9D57F988407}
		{40EA03F7-8A22-4143-B251-79BAC3EB13D2} = {417F74C5-BF5F-4590-8C8A-F9D57F988407}
		{FA713DCB-A878-4BF3-A4E3-ABFCD321DD59} = {417F74C5-BF5F-4590-8C8A-F9D57F988407}
		{8A118C53-3BFE-4919-A396-DC673CDFFD9D} = {91E94501-578F-438D-A3B6-9F03ADDBEB8B}
	EndGlobalSection
	GlobalSection(ExtensibilityGlobals) = postSolution
		SolutionGuid = {C7433AE2-B1A0-4C1A-887E-5CAA7AAF67A6}
	EndGlobalSection
EndGlobal
